
Microsoft Visual Studio Solution File, Format Version 12.00
Project("{FAE04EC0-301F-11D3-BF4B-00C04F79EFBC}") = "SuspensionHostDemo.Presentation", "SuspensionHostDemo.Presentation\SuspensionHostDemo.Presentation.csproj", "{CFAB8796-74B7-4B17-8A83-933DEF7DD431}"
EndProject
Project("{FAE04EC0-301F-11D3-BF4B-00C04F79EFBC}") = "SuspensionHostDemo.Presentation.Avalonia", "SuspensionHostDemo.Presentation.Avalonia\SuspensionHostDemo.Presentation.Avalonia.csproj", "{DCA44A1A-A5C8-490A-B9A4-CE6C962AAE11}"
EndProject
Global
	GlobalSection(SolutionConfigurationPlatforms) = preSolution
		Debug|Any CPU = Debug|Any CPU
		Release|Any CPU = Release|Any CPU
	EndGlobalSection
	GlobalSection(ProjectConfigurationPlatforms) = postSolution
		{CFAB8796-74B7-4B17-8A83-933DEF7DD431}.Debug|Any CPU.ActiveCfg = Debug|Any CPU
		{CFAB8796-74B7-4B17-8A83-933DEF7DD431}.Debug|Any CPU.Build.0 = Debug|Any CPU
		{CFAB8796-74B7-4B17-8A83-933DEF7DD431}.Release|Any CPU.ActiveCfg = Release|Any CPU
		{CFAB8796-74B7-4B17-8A83-933DEF7DD431}.Release|Any CPU.Build.0 = Release|Any CPU
		{DCA44A1A-A5C8-490A-B9A4-CE6C962AAE11}.Debug|Any CPU.ActiveCfg = Debug|Any CPU
		{DCA44A1A-A5C8-490A-B9A4-CE6C962AAE11}.Debug|Any CPU.Build.0 = Debug|Any CPU
		{DCA44A1A-A5C8-490A-B9A4-CE6C962AAE11}.Release|Any CPU.ActiveCfg = Release|Any CPU
		{DCA44A1A-A5C8-490A-B9A4-CE6C962AAE11}.Release|Any CPU.Build.0 = Release|Any CPU
	EndGlobalSection
EndGlobal
